
Microsoft Visual Studio Solution File, Format Version 12.00
# Visual Studio 15
Project("{FAE04EC0-301F-11D3-BF4B-00C04F79EFBC}") = "SumSubFormsDemo", "app\SumSubFormsDemo\SumSubFormsDemo\SumSubFormsDemo.csproj", "{BE4C50C6-BD86-4BCA-A894-EBE484F6E816}"
EndProject
Project("{FAE04EC0-301F-11D3-BF4B-00C04F79EFBC}") = "SumSubFormsDemo.iOS", "app\SumSubFormsDemo\SumSubFormsDemo.iOS\SumSubFormsDemo.iOS.csproj", "{E7EAF801-30DB-4D99-AB1A-5D79DCEDB467}"
EndProject
Project("{FAE04EC0-301F-11D3-BF4B-00C04F79EFBC}") = "SumSubFormsDemo.Android", "app\SumSubFormsDemo\SumSubFormsDemo.Android\SumSubFormsDemo.Android.csproj", "{44A42F99-DB77-4A29-A49C-CF3B452AB956}"
EndProject
Project("{2150E333-8FDC-42A3-9474-1A3956D46DE8}") = "app", "app", "{9247616A-CCF4-4202-A779-98D5D299820D}"
EndProject
Project("{2150E333-8FDC-42A3-9474-1A3956D46DE8}") = "bindings", "bindings", "{F2F5EAD0-A6A9-4CFE-A90E-A1FB09B20164}"
EndProject
Project("{FAE04EC0-301F-11D3-BF4B-00C04F79EFBC}") = "SumSubSDK.ios", "lib-bindings\SumSubSDK\SumSubSDK.ios\SumSubSDK.ios.csproj", "{F6AF4061-28CD-4410-B9AC-6A482ABF59E9}"
EndProject
Project("{2150E333-8FDC-42A3-9474-1A3956D46DE8}") = "app-native", "app-native", "{7BE4C417-FDA5-4E98-B4AD-1BECED876F7B}"
EndProject
Project("{FAE04EC0-301F-11D3-BF4B-00C04F79EFBC}") = "SumSubDemo-ios", "app\SumSubDemo-ios\SumSubDemo-ios.csproj", "{3F7A9580-C0F9-45A7-B0A9-601BE1D28A08}"
EndProject
Project("{9344BDBB-3E7F-41FC-A0DD-8665D75EE146}") = "SumSubSDK.DocumentTracker.ios", "lib-bindings\SumSubSDK\SumSubSDK.DocumentTracker.ios\SumSubSDK.DocumentTracker.ios.csproj", "{444212AC-A505-4A8F-A9F5-A06D32112775}"
EndProject
Project("{9344BDBB-3E7F-41FC-A0DD-8665D75EE146}") = "SumSubSDK.FaceTracker.ios", "lib-bindings\SumSubSDK\SumSubSDK.FaceTracker.ios\SumSubSDK.FaceTracker.ios.csproj", "{E8AAEA7B-63FD-423B-9F44-4A90D9F26F43}"
EndProject
Project("{9344BDBB-3E7F-41FC-A0DD-8665D75EE146}") = "SumSubSDK.Liveness3D.ios", "lib-bindings\SumSubSDK\SumSubSDK.Liveness3D.ios\SumSubSDK.Liveness3D.ios.csproj", "{6F0BC879-C036-4E7E-8568-555235DA4BB7}"
EndProject
Project("{2150E333-8FDC-42A3-9474-1A3956D46DE8}") = "SumSubSDK", "SumSubSDK", "{2048A1E4-CC73-4FEE-9D67-39534EA89595}"
EndProject
Project("{2150E333-8FDC-42A3-9474-1A3956D46DE8}") = "ios", "ios", "{38ED769A-7181-4E5E-8F74-045D298855A7}"
EndProject
Project("{2150E333-8FDC-42A3-9474-1A3956D46DE8}") = "droid", "droid", "{BAA72D76-A5C0-4F78-A37D-4AA71E1E3D21}"
EndProject
Global
	GlobalSection(SolutionConfigurationPlatforms) = preSolution
		Debug|iPhoneSimulator = Debug|iPhoneSimulator
		Release|iPhone = Release|iPhone
		Release|iPhoneSimulator = Release|iPhoneSimulator
		Debug|iPhone = Debug|iPhone
		Debug|Any CPU = Debug|Any CPU
		Release|Any CPU = Release|Any CPU
	EndGlobalSection
	GlobalSection(ProjectConfigurationPlatforms) = postSolution
		{BE4C50C6-BD86-4BCA-A894-EBE484F6E816}.Debug|iPhoneSimulator.ActiveCfg = Debug|Any CPU
		{BE4C50C6-BD86-4BCA-A894-EBE484F6E816}.Debug|iPhoneSimulator.Build.0 = Debug|Any CPU
		{BE4C50C6-BD86-4BCA-A894-EBE484F6E816}.Release|iPhone.ActiveCfg = Release|Any CPU
		{BE4C50C6-BD86-4BCA-A894-EBE484F6E816}.Release|iPhone.Build.0 = Release|Any CPU
		{BE4C50C6-BD86-4BCA-A894-EBE484F6E816}.Release|iPhoneSimulator.ActiveCfg = Release|Any CPU
		{BE4C50C6-BD86-4BCA-A894-EBE484F6E816}.Release|iPhoneSimulator.Build.0 = Release|Any CPU
		{BE4C50C6-BD86-4BCA-A894-EBE484F6E816}.Debug|iPhone.ActiveCfg = Debug|Any CPU
		{BE4C50C6-BD86-4BCA-A894-EBE484F6E816}.Debug|iPhone.Build.0 = Debug|Any CPU
		{BE4C50C6-BD86-4BCA-A894-EBE484F6E816}.Debug|Any CPU.ActiveCfg = Debug|Any CPU
		{BE4C50C6-BD86-4BCA-A894-EBE484F6E816}.Debug|Any CPU.Build.0 = Debug|Any CPU
		{BE4C50C6-BD86-4BCA-A894-EBE484F6E816}.Release|Any CPU.ActiveCfg = Release|Any CPU
		{BE4C50C6-BD86-4BCA-A894-EBE484F6E816}.Release|Any CPU.Build.0 = Release|Any CPU
		{E7EAF801-30DB-4D99-AB1A-5D79DCEDB467}.Debug|iPhoneSimulator.ActiveCfg = Debug|iPhoneSimulator
		{E7EAF801-30DB-4D99-AB1A-5D79DCEDB467}.Debug|iPhoneSimulator.Build.0 = Debug|iPhoneSimulator
		{E7EAF801-30DB-4D99-AB1A-5D79DCEDB467}.Release|iPhone.ActiveCfg = Release|iPhone
		{E7EAF801-30DB-4D99-AB1A-5D79DCEDB467}.Release|iPhone.Build.0 = Release|iPhone
		{E7EAF801-30DB-4D99-AB1A-5D79DCEDB467}.Release|iPhoneSimulator.ActiveCfg = Release|iPhoneSimulator
		{E7EAF801-30DB-4D99-AB1A-5D79DCEDB467}.Release|iPhoneSimulator.Build.0 = Release|iPhoneSimulator
		{E7EAF801-30DB-4D99-AB1A-5D79DCEDB467}.Debug|iPhone.ActiveCfg = Debug|iPhone
		{E7EAF801-30DB-4D99-AB1A-5D79DCEDB467}.Debug|iPhone.Build.0 = Debug|iPhone
		{E7EAF801-30DB-4D99-AB1A-5D79DCEDB467}.Debug|Any CPU.ActiveCfg = Debug|iPhoneSimulator
		{E7EAF801-30DB-4D99-AB1A-5D79DCEDB467}.Debug|Any CPU.Build.0 = Debug|iPhoneSimulator
		{E7EAF801-30DB-4D99-AB1A-5D79DCEDB467}.Release|Any CPU.ActiveCfg = Release|iPhoneSimulator
		{E7EAF801-30DB-4D99-AB1A-5D79DCEDB467}.Release|Any CPU.Build.0 = Release|iPhoneSimulator
		{44A42F99-DB77-4A29-A49C-CF3B452AB956}.Debug|iPhoneSimulator.ActiveCfg = Debug|Any CPU
		{44A42F99-DB77-4A29-A49C-CF3B452AB956}.Debug|iPhoneSimulator.Build.0 = Debug|Any CPU
		{44A42F99-DB77-4A29-A49C-CF3B452AB956}.Release|iPhone.ActiveCfg = Release|Any CPU
		{44A42F99-DB77-4A29-A49C-CF3B452AB956}.Release|iPhone.Build.0 = Release|Any CPU
		{44A42F99-DB77-4A29-A49C-CF3B452AB956}.Release|iPhoneSimulator.ActiveCfg = Release|Any CPU
		{44A42F99-DB77-4A29-A49C-CF3B452AB956}.Release|iPhoneSimulator.Build.0 = Release|Any CPU
		{44A42F99-DB77-4A29-A49C-CF3B452AB956}.Debug|iPhone.ActiveCfg = Debug|Any CPU
		{44A42F99-DB77-4A29-A49C-CF3B452AB956}.Debug|iPhone.Build.0 = Debug|Any CPU
		{44A42F99-DB77-4A29-A49C-CF3B452AB956}.Debug|Any CPU.ActiveCfg = Debug|Any CPU
		{44A42F99-DB77-4A29-A49C-CF3B452AB956}.Debug|Any CPU.Build.0 = Debug|Any CPU
		{44A42F99-DB77-4A29-A49C-CF3B452AB956}.Release|Any CPU.ActiveCfg = Release|Any CPU
		{44A42F99-DB77-4A29-A49C-CF3B452AB956}.Release|Any CPU.Build.0 = Release|Any CPU
		{F6AF4061-28CD-4410-B9AC-6A482ABF59E9}.Debug|iPhoneSimulator.ActiveCfg = Debug|Any CPU
		{F6AF4061-28CD-4410-B9AC-6A482ABF59E9}.Debug|iPhoneSimulator.Build.0 = Debug|Any CPU
		{F6AF4061-28CD-4410-B9AC-6A482ABF59E9}.Release|iPhone.ActiveCfg = Release|Any CPU
		{F6AF4061-28CD-4410-B9AC-6A482ABF59E9}.Release|iPhone.Build.0 = Release|Any CPU
		{F6AF4061-28CD-4410-B9AC-6A482ABF59E9}.Release|iPhoneSimulator.ActiveCfg = Release|Any CPU
		{F6AF4061-28CD-4410-B9AC-6A482ABF59E9}.Release|iPhoneSimulator.Build.0 = Release|Any CPU
		{F6AF4061-28CD-4410-B9AC-6A482ABF59E9}.Debug|iPhone.ActiveCfg = Debug|Any CPU
		{F6AF4061-28CD-4410-B9AC-6A482ABF59E9}.Debug|iPhone.Build.0 = Debug|Any CPU
		{F6AF4061-28CD-4410-B9AC-6A482ABF59E9}.Debug|Any CPU.ActiveCfg = Debug|Any CPU
		{F6AF4061-28CD-4410-B9AC-6A482ABF59E9}.Debug|Any CPU.Build.0 = Debug|Any CPU
		{F6AF4061-28CD-4410-B9AC-6A482ABF59E9}.Release|Any CPU.ActiveCfg = Release|Any CPU
		{F6AF4061-28CD-4410-B9AC-6A482ABF59E9}.Release|Any CPU.Build.0 = Release|Any CPU
		{3F7A9580-C0F9-45A7-B0A9-601BE1D28A08}.Debug|iPhoneSimulator.ActiveCfg = Debug|iPhoneSimulator
		{3F7A9580-C0F9-45A7-B0A9-601BE1D28A08}.Debug|iPhoneSimulator.Build.0 = Debug|iPhoneSimulator
		{3F7A9580-C0F9-45A7-B0A9-601BE1D28A08}.Release|iPhone.ActiveCfg = Release|iPhone
		{3F7A9580-C0F9-45A7-B0A9-601BE1D28A08}.Release|iPhone.Build.0 = Release|iPhone
		{3F7A9580-C0F9-45A7-B0A9-601BE1D28A08}.Release|iPhoneSimulator.ActiveCfg = Release|iPhoneSimulator
		{3F7A9580-C0F9-45A7-B0A9-601BE1D28A08}.Release|iPhoneSimulator.Build.0 = Release|iPhoneSimulator
		{3F7A9580-C0F9-45A7-B0A9-601BE1D28A08}.Debug|iPhone.ActiveCfg = Debug|iPhone
		{3F7A9580-C0F9-45A7-B0A9-601BE1D28A08}.Debug|iPhone.Build.0 = Debug|iPhone
		{3F7A9580-C0F9-45A7-B0A9-601BE1D28A08}.Debug|Any CPU.ActiveCfg = Debug|iPhoneSimulator
		{3F7A9580-C0F9-45A7-B0A9-601BE1D28A08}.Debug|Any CPU.Build.0 = Debug|iPhoneSimulator
		{3F7A9580-C0F9-45A7-B0A9-601BE1D28A08}.Release|Any CPU.ActiveCfg = Release|iPhoneSimulator
		{3F7A9580-C0F9-45A7-B0A9-601BE1D28A08}.Release|Any CPU.Build.0 = Release|iPhoneSimulator
		{444212AC-A505-4A8F-A9F5-A06D32112775}.Debug|iPhoneSimulator.ActiveCfg = Debug|Any CPU
		{444212AC-A505-4A8F-A9F5-A06D32112775}.Debug|iPhoneSimulator.Build.0 = Debug|Any CPU
		{444212AC-A505-4A8F-A9F5-A06D32112775}.Release|iPhone.ActiveCfg = Release|Any CPU
		{444212AC-A505-4A8F-A9F5-A06D32112775}.Release|iPhone.Build.0 = Release|Any CPU
		{444212AC-A505-4A8F-A9F5-A06D32112775}.Release|iPhoneSimulator.ActiveCfg = Release|Any CPU
		{444212AC-A505-4A8F-A9F5-A06D32112775}.Release|iPhoneSimulator.Build.0 = Release|Any CPU
		{444212AC-A505-4A8F-A9F5-A06D32112775}.Debug|iPhone.ActiveCfg = Debug|Any CPU
		{444212AC-A505-4A8F-A9F5-A06D32112775}.Debug|iPhone.Build.0 = Debug|Any CPU
		{444212AC-A505-4A8F-A9F5-A06D32112775}.Debug|Any CPU.ActiveCfg = Debug|Any CPU
		{444212AC-A505-4A8F-A9F5-A06D32112775}.Debug|Any CPU.Build.0 = Debug|Any CPU
		{444212AC-A505-4A8F-A9F5-A06D32112775}.Release|Any CPU.ActiveCfg = Release|Any CPU
		{444212AC-A505-4A8F-A9F5-A06D32112775}.Release|Any CPU.Build.0 = Release|Any CPU
		{E8AAEA7B-63FD-423B-9F44-4A90D9F26F43}.Debug|iPhoneSimulator.ActiveCfg = Debug|Any CPU
		{E8AAEA7B-63FD-423B-9F44-4A90D9F26F43}.Debug|iPhoneSimulator.Build.0 = Debug|Any CPU
		{E8AAEA7B-63FD-423B-9F44-4A90D9F26F43}.Release|iPhone.ActiveCfg = Release|Any CPU
		{E8AAEA7B-63FD-423B-9F44-4A90D9F26F43}.Release|iPhone.Build.0 = Release|Any CPU
		{E8AAEA7B-63FD-423B-9F44-4A90D9F26F43}.Release|iPhoneSimulator.ActiveCfg = Release|Any CPU
		{E8AAEA7B-63FD-423B-9F44-4A90D9F26F43}.Release|iPhoneSimulator.Build.0 = Release|Any CPU
		{E8AAEA7B-63FD-423B-9F44-4A90D9F26F43}.Debug|iPhone.ActiveCfg = Debug|Any CPU
		{E8AAEA7B-63FD-423B-9F44-4A90D9F26F43}.Debug|iPhone.Build.0 = Debug|Any CPU
		{E8AAEA7B-63FD-423B-9F44-4A90D9F26F43}.Debug|Any CPU.ActiveCfg = Debug|Any CPU
		{E8AAEA7B-63FD-423B-9F44-4A90D9F26F43}.Debug|Any CPU.Build.0 = Debug|Any CPU
		{E8AAEA7B-63FD-423B-9F44-4A90D9F26F43}.Release|Any CPU.ActiveCfg = Release|Any CPU
		{E8AAEA7B-63FD-423B-9F44-4A90D9F26F43}.Release|Any CPU.Build.0 = Release|Any CPU
		{6F0BC879-C036-4E7E-8568-555235DA4BB7}.Debug|iPhoneSimulator.ActiveCfg = Debug|Any CPU
		{6F0BC879-C036-4E7E-8568-555235DA4BB7}.Debug|iPhoneSimulator.Build.0 = Debug|Any CPU
		{6F0BC879-C036-4E7E-8568-555235DA4BB7}.Release|iPhone.ActiveCfg = Release|Any CPU
		{6F0BC879-C036-4E7E-8568-555235DA4BB7}.Release|iPhone.Build.0 = Release|Any CPU
		{6F0BC879-C036-4E7E-8568-555235DA4BB7}.Release|iPhoneSimulator.ActiveCfg = Release|Any CPU
		{6F0BC879-C036-4E7E-8568-555235DA4BB7}.Release|iPhoneSimulator.Build.0 = Release|Any CPU
		{6F0BC879-C036-4E7E-8568-555235DA4BB7}.Debug|iPhone.ActiveCfg = Debug|Any CPU
		{6F0BC879-C036-4E7E-8568-555235DA4BB7}.Debug|iPhone.Build.0 = Debug|Any CPU
		{6F0BC879-C036-4E7E-8568-555235DA4BB7}.Debug|Any CPU.ActiveCfg = Debug|Any CPU
		{6F0BC879-C036-4E7E-8568-555235DA4BB7}.Debug|Any CPU.Build.0 = Debug|Any CPU
		{6F0BC879-C036-4E7E-8568-555235DA4BB7}.Release|Any CPU.ActiveCfg = Release|Any CPU
		{6F0BC879-C036-4E7E-8568-555235DA4BB7}.Release|Any CPU.Build.0 = Release|Any CPU
	EndGlobalSection
	GlobalSection(NestedProjects) = preSolution
		{BE4C50C6-BD86-4BCA-A894-EBE484F6E816} = {9247616A-CCF4-4202-A779-98D5D299820D}
		{44A42F99-DB77-4A29-A49C-CF3B452AB956} = {9247616A-CCF4-4202-A779-98D5D299820D}
		{E7EAF801-30DB-4D99-AB1A-5D79DCEDB467} = {9247616A-CCF4-4202-A779-98D5D299820D}
		{F6AF4061-28CD-4410-B9AC-6A482ABF59E9} = {38ED769A-7181-4E5E-8F74-045D298855A7}
		{3F7A9580-C0F9-45A7-B0A9-601BE1D28A08} = {7BE4C417-FDA5-4E98-B4AD-1BECED876F7B}
		{444212AC-A505-4A8F-A9F5-A06D32112775} = {38ED769A-7181-4E5E-8F74-045D298855A7}
		{E8AAEA7B-63FD-423B-9F44-4A90D9F26F43} = {38ED769A-7181-4E5E-8F74-045D298855A7}
		{6F0BC879-C036-4E7E-8568-555235DA4BB7} = {38ED769A-7181-4E5E-8F74-045D298855A7}
		{2048A1E4-CC73-4FEE-9D67-39534EA89595} = {F2F5EAD0-A6A9-4CFE-A90E-A1FB09B20164}
		{38ED769A-7181-4E5E-8F74-045D298855A7} = {2048A1E4-CC73-4FEE-9D67-39534EA89595}
		{BAA72D76-A5C0-4F78-A37D-4AA71E1E3D21} = {2048A1E4-CC73-4FEE-9D67-39534EA89595}
	EndGlobalSection
EndGlobal
